// !$*UTF8*$!
{
	archiveVersion = 1;
	classes = {
	};
	objectVersion = 46;
	objects = {

/* Begin PBXBuildFile section */
		809FB34E0364A1AB7740E4D4 /* libPods-ZLPhotoBrowser.a in Frameworks */ = {isa = PBXBuildFile; fileRef = 0927EACC681200867658B044 /* libPods-ZLPhotoBrowser.a */; };
		FD028BD01CBE33BB009DD2FC /* ZLPhotoActionSheet.xib in Resources */ = {isa = PBXBuildFile; fileRef = FD028BA11CBE33BB009DD2FC /* ZLPhotoActionSheet.xib */; };
		FD028BD11CBE33BB009DD2FC /* ZLPhotoBrowserCell.xib in Resources */ = {isa = PBXBuildFile; fileRef = FD028BA21CBE33BB009DD2FC /* ZLPhotoBrowserCell.xib */; };
		FD028BD31CBE33BB009DD2FC /* ToastUtils.m in Sources */ = {isa = PBXBuildFile; fileRef = FD028BA51CBE33BB009DD2FC /* ToastUtils.m */; };
		FD028BD51CBE33BB009DD2FC /* ZLBigImageCell.m in Sources */ = {isa = PBXBuildFile; fileRef = FD028BA91CBE33BB009DD2FC /* ZLBigImageCell.m */; };
		FD028BD71CBE33BB009DD2FC /* ZLNoAuthorityViewController.m in Sources */ = {isa = PBXBuildFile; fileRef = FD028BAE1CBE33BB009DD2FC /* ZLNoAuthorityViewController.m */; };
		FD028BD81CBE33BB009DD2FC /* ZLPhotoActionSheet.m in Sources */ = {isa = PBXBuildFile; fileRef = FD028BB01CBE33BB009DD2FC /* ZLPhotoActionSheet.m */; };
		FD028BD91CBE33BB009DD2FC /* ZLPhotoBrowser.m in Sources */ = {isa = PBXBuildFile; fileRef = FD028BB21CBE33BB009DD2FC /* ZLPhotoBrowser.m */; };
		FD028BDA1CBE33BB009DD2FC /* ZLPhotoBrowserCell.m in Sources */ = {isa = PBXBuildFile; fileRef = FD028BB41CBE33BB009DD2FC /* ZLPhotoBrowserCell.m */; };
		FD028BDC1CBE33BB009DD2FC /* ZLProgressHUD.m in Sources */ = {isa = PBXBuildFile; fileRef = FD028BB81CBE33BB009DD2FC /* ZLProgressHUD.m */; };
		FD028BDE1CBE33BB009DD2FC /* ZLShowBigImgViewController.m in Sources */ = {isa = PBXBuildFile; fileRef = FD028BBC1CBE33BB009DD2FC /* ZLShowBigImgViewController.m */; };
		FD028BDF1CBE33BB009DD2FC /* ZLThumbnailViewController.m in Sources */ = {isa = PBXBuildFile; fileRef = FD028BBE1CBE33BB009DD2FC /* ZLThumbnailViewController.m */; };
		FD028BFF1CBE4BDE009DD2FC /* ZLPhotoBrowser.bundle in Resources */ = {isa = PBXBuildFile; fileRef = FD028BFE1CBE4BDE009DD2FC /* ZLPhotoBrowser.bundle */; };
		FD0787221C0D45A200D17B97 /* main.m in Sources */ = {isa = PBXBuildFile; fileRef = FD0787211C0D45A200D17B97 /* main.m */; };
		FD0787251C0D45A200D17B97 /* AppDelegate.m in Sources */ = {isa = PBXBuildFile; fileRef = FD0787241C0D45A200D17B97 /* AppDelegate.m */; };
		FD0787281C0D45A200D17B97 /* ViewController.m in Sources */ = {isa = PBXBuildFile; fileRef = FD0787271C0D45A200D17B97 /* ViewController.m */; };
		FD07872B1C0D45A200D17B97 /* Main.storyboard in Resources */ = {isa = PBXBuildFile; fileRef = FD0787291C0D45A200D17B97 /* Main.storyboard */; };
		FD07872D1C0D45A200D17B97 /* Assets.xcassets in Resources */ = {isa = PBXBuildFile; fileRef = FD07872C1C0D45A200D17B97 /* Assets.xcassets */; };
		FD0787301C0D45A200D17B97 /* LaunchScreen.storyboard in Resources */ = {isa = PBXBuildFile; fileRef = FD07872E1C0D45A200D17B97 /* LaunchScreen.storyboard */; };
		FD07877E1C0D47DA00D17B97 /* Photos.framework in Frameworks */ = {isa = PBXBuildFile; fileRef = FD07877D1C0D47DA00D17B97 /* Photos.framework */; };
		FD10CECE1EA86AF60041095C /* ZLCollectionCell.m in Sources */ = {isa = PBXBuildFile; fileRef = FD10CECD1EA86AF60041095C /* ZLCollectionCell.m */; };
		FD1A38BC1F6BCCF8009B4C3F /* ZLEditVideoController.m in Sources */ = {isa = PBXBuildFile; fileRef = FD1A38BB1F6BCCF8009B4C3F /* ZLEditVideoController.m */; };
		FD22D71F1E9E25D1008FCC4E /* ZLPhotoModel.m in Sources */ = {isa = PBXBuildFile; fileRef = FD22D71E1E9E25D1008FCC4E /* ZLPhotoModel.m */; };
		FD22D7221E9E2EDC008FCC4E /* ZLPhotoManager.m in Sources */ = {isa = PBXBuildFile; fileRef = FD22D7211E9E2EDC008FCC4E /* ZLPhotoManager.m */; };
		FD3771191DB8C04B00CAD645 /* NSBundle+ZLPhotoBrowser.m in Sources */ = {isa = PBXBuildFile; fileRef = FD3771181DB8C04B00CAD645 /* NSBundle+ZLPhotoBrowser.m */; };
		FD7003DF1FBD2EAB000D9FD4 /* ZLPhotoConfiguration.m in Sources */ = {isa = PBXBuildFile; fileRef = FD7003DE1FBD2EAB000D9FD4 /* ZLPhotoConfiguration.m */; };
		FD7852511EF4FD5300C69E84 /* PhotosUI.framework in Frameworks */ = {isa = PBXBuildFile; fileRef = FD7852501EF4FD5300C69E84 /* PhotosUI.framework */; };
		FD7B52731EFCB81600FB9087 /* ZLEditViewController.m in Sources */ = {isa = PBXBuildFile; fileRef = FD7B52721EFCB81600FB9087 /* ZLEditViewController.m */; };
		FD92FA6D1F32B4CE00D7B8C1 /* UIButton+EnlargeTouchArea.m in Sources */ = {isa = PBXBuildFile; fileRef = FD92FA6C1F32B4CE00D7B8C1 /* UIButton+EnlargeTouchArea.m */; };
		FDC48B7F1FB5587C002815C8 /* ZLCustomCamera.m in Sources */ = {isa = PBXBuildFile; fileRef = FDC48B7E1FB5587B002815C8 /* ZLCustomCamera.m */; };
		FDC48B821FB5588E002815C8 /* ZLPlayer.m in Sources */ = {isa = PBXBuildFile; fileRef = FDC48B801FB5588D002815C8 /* ZLPlayer.m */; };
		FDD979E31EF8C62300DD9DA4 /* ImageCell.m in Sources */ = {isa = PBXBuildFile; fileRef = FDD979E21EF8C62300DD9DA4 /* ImageCell.m */; };
		FDD979E61EF8F35700DD9DA4 /* ZLForceTouchPreviewController.m in Sources */ = {isa = PBXBuildFile; fileRef = FDD979E51EF8F35700DD9DA4 /* ZLForceTouchPreviewController.m */; };
		FDDB9EBA1E6D2EF6008ED9F1 /* YYWeakProxy.m in Sources */ = {isa = PBXBuildFile; fileRef = FDDB9EB71E6D2EF6008ED9F1 /* YYWeakProxy.m */; };
		FDDB9EBB1E6D2EF6008ED9F1 /* YYFPSLabel.m in Sources */ = {isa = PBXBuildFile; fileRef = FDDB9EB91E6D2EF6008ED9F1 /* YYFPSLabel.m */; };
/* End PBXBuildFile section */

/* Begin PBXFileReference section */
		0927EACC681200867658B044 /* libPods-ZLPhotoBrowser.a */ = {isa = PBXFileReference; explicitFileType = archive.ar; includeInIndex = 0; path = "libPods-ZLPhotoBrowser.a"; sourceTree = BUILT_PRODUCTS_DIR; };
		562538332CF28C3D81959D16 /* Pods-ZLPhotoBrowser.release.xcconfig */ = {isa = PBXFileReference; includeInIndex = 1; lastKnownFileType = text.xcconfig; name = "Pods-ZLPhotoBrowser.release.xcconfig"; path = "Pods/Target Support Files/Pods-ZLPhotoBrowser/Pods-ZLPhotoBrowser.release.xcconfig"; sourceTree = "<group>"; };
		C219308794659F498CBCB00A /* Pods-ZLPhotoBrowser.debug.xcconfig */ = {isa = PBXFileReference; includeInIndex = 1; lastKnownFileType = text.xcconfig; name = "Pods-ZLPhotoBrowser.debug.xcconfig"; path = "Pods/Target Support Files/Pods-ZLPhotoBrowser/Pods-ZLPhotoBrowser.debug.xcconfig"; sourceTree = "<group>"; };
		FD028BA11CBE33BB009DD2FC /* ZLPhotoActionSheet.xib */ = {isa = PBXFileReference; fileEncoding = 4; lastKnownFileType = file.xib; path = ZLPhotoActionSheet.xib; sourceTree = "<group>"; };
		FD028BA21CBE33BB009DD2FC /* ZLPhotoBrowserCell.xib */ = {isa = PBXFileReference; fileEncoding = 4; lastKnownFileType = file.xib; path = ZLPhotoBrowserCell.xib; sourceTree = "<group>"; };
		FD028BA41CBE33BB009DD2FC /* ToastUtils.h */ = {isa = PBXFileReference; fileEncoding = 4; lastKnownFileType = sourcecode.c.h; path = ToastUtils.h; sourceTree = "<group>"; };
		FD028BA51CBE33BB009DD2FC /* ToastUtils.m */ = {isa = PBXFileReference; fileEncoding = 4; lastKnownFileType = sourcecode.c.objc; path = ToastUtils.m; sourceTree = "<group>"; };
		FD028BA81CBE33BB009DD2FC /* ZLBigImageCell.h */ = {isa = PBXFileReference; fileEncoding = 4; lastKnownFileType = sourcecode.c.h; path = ZLBigImageCell.h; sourceTree = "<group>"; };
		FD028BA91CBE33BB009DD2FC /* ZLBigImageCell.m */ = {isa = PBXFileReference; fileEncoding = 4; lastKnownFileType = sourcecode.c.objc; path = ZLBigImageCell.m; sourceTree = "<group>"; };
		FD028BAC1CBE33BB009DD2FC /* ZLDefine.h */ = {isa = PBXFileReference; fileEncoding = 4; lastKnownFileType = sourcecode.c.h; path = ZLDefine.h; sourceTree = "<group>"; };
		FD028BAD1CBE33BB009DD2FC /* ZLNoAuthorityViewController.h */ = {isa = PBXFileReference; fileEncoding = 4; lastKnownFileType = sourcecode.c.h; path = ZLNoAuthorityViewController.h; sourceTree = "<group>"; };
		FD028BAE1CBE33BB009DD2FC /* ZLNoAuthorityViewController.m */ = {isa = PBXFileReference; fileEncoding = 4; lastKnownFileType = sourcecode.c.objc; path = ZLNoAuthorityViewController.m; sourceTree = "<group>"; };
		FD028BAF1CBE33BB009DD2FC /* ZLPhotoActionSheet.h */ = {isa = PBXFileReference; fileEncoding = 4; lastKnownFileType = sourcecode.c.h; path = ZLPhotoActionSheet.h; sourceTree = "<group>"; };
		FD028BB01CBE33BB009DD2FC /* ZLPhotoActionSheet.m */ = {isa = PBXFileReference; fileEncoding = 4; lastKnownFileType = sourcecode.c.objc; path = ZLPhotoActionSheet.m; sourceTree = "<group>"; };
		FD028BB11CBE33BB009DD2FC /* ZLPhotoBrowser.h */ = {isa = PBXFileReference; fileEncoding = 4; lastKnownFileType = sourcecode.c.h; path = ZLPhotoBrowser.h; sourceTree = "<group>"; };
		FD028BB21CBE33BB009DD2FC /* ZLPhotoBrowser.m */ = {isa = PBXFileReference; fileEncoding = 4; lastKnownFileType = sourcecode.c.objc; path = ZLPhotoBrowser.m; sourceTree = "<group>"; };
		FD028BB31CBE33BB009DD2FC /* ZLPhotoBrowserCell.h */ = {isa = PBXFileReference; fileEncoding = 4; lastKnownFileType = sourcecode.c.h; path = ZLPhotoBrowserCell.h; sourceTree = "<group>"; };
		FD028BB41CBE33BB009DD2FC /* ZLPhotoBrowserCell.m */ = {isa = PBXFileReference; fileEncoding = 4; lastKnownFileType = sourcecode.c.objc; path = ZLPhotoBrowserCell.m; sourceTree = "<group>"; };
		FD028BB71CBE33BB009DD2FC /* ZLProgressHUD.h */ = {isa = PBXFileReference; fileEncoding = 4; lastKnownFileType = sourcecode.c.h; path = ZLProgressHUD.h; sourceTree = "<group>"; };
		FD028BB81CBE33BB009DD2FC /* ZLProgressHUD.m */ = {isa = PBXFileReference; fileEncoding = 4; lastKnownFileType = sourcecode.c.objc; path = ZLProgressHUD.m; sourceTree = "<group>"; };
		FD028BBB1CBE33BB009DD2FC /* ZLShowBigImgViewController.h */ = {isa = PBXFileReference; fileEncoding = 4; lastKnownFileType = sourcecode.c.h; path = ZLShowBigImgViewController.h; sourceTree = "<group>"; };
		FD028BBC1CBE33BB009DD2FC /* ZLShowBigImgViewController.m */ = {isa = PBXFileReference; fileEncoding = 4; lastKnownFileType = sourcecode.c.objc; path = ZLShowBigImgViewController.m; sourceTree = "<group>"; };
		FD028BBD1CBE33BB009DD2FC /* ZLThumbnailViewController.h */ = {isa = PBXFileReference; fileEncoding = 4; lastKnownFileType = sourcecode.c.h; path = ZLThumbnailViewController.h; sourceTree = "<group>"; };
		FD028BBE1CBE33BB009DD2FC /* ZLThumbnailViewController.m */ = {isa = PBXFileReference; fileEncoding = 4; lastKnownFileType = sourcecode.c.objc; path = ZLThumbnailViewController.m; sourceTree = "<group>"; };
		FD028BFE1CBE4BDE009DD2FC /* ZLPhotoBrowser.bundle */ = {isa = PBXFileReference; lastKnownFileType = "wrapper.plug-in"; path = ZLPhotoBrowser.bundle; sourceTree = "<group>"; };
		FD07871D1C0D45A200D17B97 /* ZLPhotoBrowser.app */ = {isa = PBXFileReference; explicitFileType = wrapper.application; includeInIndex = 0; path = ZLPhotoBrowser.app; sourceTree = BUILT_PRODUCTS_DIR; };
		FD0787211C0D45A200D17B97 /* main.m */ = {isa = PBXFileReference; lastKnownFileType = sourcecode.c.objc; path = main.m; sourceTree = "<group>"; };
		FD0787231C0D45A200D17B97 /* AppDelegate.h */ = {isa = PBXFileReference; lastKnownFileType = sourcecode.c.h; path = AppDelegate.h; sourceTree = "<group>"; };
		FD0787241C0D45A200D17B97 /* AppDelegate.m */ = {isa = PBXFileReference; lastKnownFileType = sourcecode.c.objc; path = AppDelegate.m; sourceTree = "<group>"; };
		FD0787261C0D45A200D17B97 /* ViewController.h */ = {isa = PBXFileReference; lastKnownFileType = sourcecode.c.h; path = ViewController.h; sourceTree = "<group>"; };
		FD0787271C0D45A200D17B97 /* ViewController.m */ = {isa = PBXFileReference; lastKnownFileType = sourcecode.c.objc; path = ViewController.m; sourceTree = "<group>"; };
		FD07872A1C0D45A200D17B97 /* Base */ = {isa = PBXFileReference; lastKnownFileType = file.storyboard; name = Base; path = Base.lproj/Main.storyboard; sourceTree = "<group>"; };
		FD07872C1C0D45A200D17B97 /* Assets.xcassets */ = {isa = PBXFileReference; lastKnownFileType = folder.assetcatalog; path = Assets.xcassets; sourceTree = "<group>"; };
		FD07872F1C0D45A200D17B97 /* Base */ = {isa = PBXFileReference; lastKnownFileType = file.storyboard; name = Base; path = Base.lproj/LaunchScreen.storyboard; sourceTree = "<group>"; };
		FD0787311C0D45A200D17B97 /* Info.plist */ = {isa = PBXFileReference; lastKnownFileType = text.plist.xml; path = Info.plist; sourceTree = "<group>"; };
		FD07877D1C0D47DA00D17B97 /* Photos.framework */ = {isa = PBXFileReference; lastKnownFileType = wrapper.framework; name = Photos.framework; path = System/Library/Frameworks/Photos.framework; sourceTree = SDKROOT; };
		FD10CECD1EA86AF60041095C /* ZLCollectionCell.m */ = {isa = PBXFileReference; fileEncoding = 4; lastKnownFileType = sourcecode.c.objc; path = ZLCollectionCell.m; sourceTree = "<group>"; };
		FD10CECF1EA882490041095C /* ZLCollectionCell.h */ = {isa = PBXFileReference; lastKnownFileType = sourcecode.c.h; path = ZLCollectionCell.h; sourceTree = "<group>"; };
		FD1A38BA1F6BCCF8009B4C3F /* ZLEditVideoController.h */ = {isa = PBXFileReference; fileEncoding = 4; lastKnownFileType = sourcecode.c.h; path = ZLEditVideoController.h; sourceTree = "<group>"; };
		FD1A38BB1F6BCCF8009B4C3F /* ZLEditVideoController.m */ = {isa = PBXFileReference; fileEncoding = 4; lastKnownFileType = sourcecode.c.objc; path = ZLEditVideoController.m; sourceTree = "<group>"; };
		FD22D71D1E9E25D1008FCC4E /* ZLPhotoModel.h */ = {isa = PBXFileReference; fileEncoding = 4; lastKnownFileType = sourcecode.c.h; path = ZLPhotoModel.h; sourceTree = "<group>"; };
		FD22D71E1E9E25D1008FCC4E /* ZLPhotoModel.m */ = {isa = PBXFileReference; fileEncoding = 4; lastKnownFileType = sourcecode.c.objc; path = ZLPhotoModel.m; sourceTree = "<group>"; };
		FD22D7201E9E2EDC008FCC4E /* ZLPhotoManager.h */ = {isa = PBXFileReference; fileEncoding = 4; lastKnownFileType = sourcecode.c.h; path = ZLPhotoManager.h; sourceTree = "<group>"; };
		FD22D7211E9E2EDC008FCC4E /* ZLPhotoManager.m */ = {isa = PBXFileReference; fileEncoding = 4; lastKnownFileType = sourcecode.c.objc; path = ZLPhotoManager.m; sourceTree = "<group>"; };
		FD3771171DB8C04B00CAD645 /* NSBundle+ZLPhotoBrowser.h */ = {isa = PBXFileReference; fileEncoding = 4; lastKnownFileType = sourcecode.c.h; path = "NSBundle+ZLPhotoBrowser.h"; sourceTree = "<group>"; };
		FD3771181DB8C04B00CAD645 /* NSBundle+ZLPhotoBrowser.m */ = {isa = PBXFileReference; fileEncoding = 4; lastKnownFileType = sourcecode.c.objc; path = "NSBundle+ZLPhotoBrowser.m"; sourceTree = "<group>"; };
		FD7003DD1FBD2EAB000D9FD4 /* ZLPhotoConfiguration.h */ = {isa = PBXFileReference; lastKnownFileType = sourcecode.c.h; path = ZLPhotoConfiguration.h; sourceTree = "<group>"; };
		FD7003DE1FBD2EAB000D9FD4 /* ZLPhotoConfiguration.m */ = {isa = PBXFileReference; lastKnownFileType = sourcecode.c.objc; path = ZLPhotoConfiguration.m; sourceTree = "<group>"; };
		FD7852501EF4FD5300C69E84 /* PhotosUI.framework */ = {isa = PBXFileReference; lastKnownFileType = wrapper.framework; name = PhotosUI.framework; path = System/Library/Frameworks/PhotosUI.framework; sourceTree = SDKROOT; };
		FD7B52711EFCB81600FB9087 /* ZLEditViewController.h */ = {isa = PBXFileReference; fileEncoding = 4; lastKnownFileType = sourcecode.c.h; path = ZLEditViewController.h; sourceTree = "<group>"; };
		FD7B52721EFCB81600FB9087 /* ZLEditViewController.m */ = {isa = PBXFileReference; fileEncoding = 4; lastKnownFileType = sourcecode.c.objc; path = ZLEditViewController.m; sourceTree = "<group>"; };
		FD92FA6B1F32B4CE00D7B8C1 /* UIButton+EnlargeTouchArea.h */ = {isa = PBXFileReference; fileEncoding = 4; lastKnownFileType = sourcecode.c.h; path = "UIButton+EnlargeTouchArea.h"; sourceTree = "<group>"; };
		FD92FA6C1F32B4CE00D7B8C1 /* UIButton+EnlargeTouchArea.m */ = {isa = PBXFileReference; fileEncoding = 4; lastKnownFileType = sourcecode.c.objc; path = "UIButton+EnlargeTouchArea.m"; sourceTree = "<group>"; };
		FDC48B7D1FB5587B002815C8 /* ZLCustomCamera.h */ = {isa = PBXFileReference; lastKnownFileType = sourcecode.c.h; path = ZLCustomCamera.h; sourceTree = "<group>"; };
		FDC48B7E1FB5587B002815C8 /* ZLCustomCamera.m */ = {isa = PBXFileReference; lastKnownFileType = sourcecode.c.objc; path = ZLCustomCamera.m; sourceTree = "<group>"; };
		FDC48B801FB5588D002815C8 /* ZLPlayer.m */ = {isa = PBXFileReference; lastKnownFileType = sourcecode.c.objc; path = ZLPlayer.m; sourceTree = "<group>"; };
		FDC48B811FB5588E002815C8 /* ZLPlayer.h */ = {isa = PBXFileReference; lastKnownFileType = sourcecode.c.h; path = ZLPlayer.h; sourceTree = "<group>"; };
		FDD979E11EF8C62300DD9DA4 /* ImageCell.h */ = {isa = PBXFileReference; fileEncoding = 4; lastKnownFileType = sourcecode.c.h; path = ImageCell.h; sourceTree = "<group>"; };
		FDD979E21EF8C62300DD9DA4 /* ImageCell.m */ = {isa = PBXFileReference; fileEncoding = 4; lastKnownFileType = sourcecode.c.objc; path = ImageCell.m; sourceTree = "<group>"; };
		FDD979E41EF8F35700DD9DA4 /* ZLForceTouchPreviewController.h */ = {isa = PBXFileReference; fileEncoding = 4; lastKnownFileType = sourcecode.c.h; path = ZLForceTouchPreviewController.h; sourceTree = "<group>"; };
		FDD979E51EF8F35700DD9DA4 /* ZLForceTouchPreviewController.m */ = {isa = PBXFileReference; fileEncoding = 4; lastKnownFileType = sourcecode.c.objc; path = ZLForceTouchPreviewController.m; sourceTree = "<group>"; };
		FDDB9EB61E6D2EF6008ED9F1 /* YYWeakProxy.h */ = {isa = PBXFileReference; fileEncoding = 4; lastKnownFileType = sourcecode.c.h; path = YYWeakProxy.h; sourceTree = "<group>"; };
		FDDB9EB71E6D2EF6008ED9F1 /* YYWeakProxy.m */ = {isa = PBXFileReference; fileEncoding = 4; lastKnownFileType = sourcecode.c.objc; path = YYWeakProxy.m; sourceTree = "<group>"; };
		FDDB9EB81E6D2EF6008ED9F1 /* YYFPSLabel.h */ = {isa = PBXFileReference; fileEncoding = 4; lastKnownFileType = sourcecode.c.h; path = YYFPSLabel.h; sourceTree = "<group>"; };
		FDDB9EB91E6D2EF6008ED9F1 /* YYFPSLabel.m */ = {isa = PBXFileReference; fileEncoding = 4; lastKnownFileType = sourcecode.c.objc; path = YYFPSLabel.m; sourceTree = "<group>"; };
/* End PBXFileReference section */

/* Begin PBXFrameworksBuildPhase section */
		FD07871A1C0D45A200D17B97 /* Frameworks */ = {
			isa = PBXFrameworksBuildPhase;
			buildActionMask = 2147483647;
			files = (
				FD7852511EF4FD5300C69E84 /* PhotosUI.framework in Frameworks */,
				FD07877E1C0D47DA00D17B97 /* Photos.framework in Frameworks */,
				809FB34E0364A1AB7740E4D4 /* libPods-ZLPhotoBrowser.a in Frameworks */,
			);
			runOnlyForDeploymentPostprocessing = 0;
		};
/* End PBXFrameworksBuildPhase section */

/* Begin PBXGroup section */
		F92C6AFB9001EFD3C70E0116 /* Pods */ = {
			isa = PBXGroup;
			children = (
				C219308794659F498CBCB00A /* Pods-ZLPhotoBrowser.debug.xcconfig */,
				562538332CF28C3D81959D16 /* Pods-ZLPhotoBrowser.release.xcconfig */,
			);
			name = Pods;
			sourceTree = "<group>";
		};
		FD028B8E1CBE33BB009DD2FC /* PhotoBrowser */ = {
			isa = PBXGroup;
			children = (
				FD028B8F1CBE33BB009DD2FC /* resource */,
				FD028BA41CBE33BB009DD2FC /* ToastUtils.h */,
				FD028BA51CBE33BB009DD2FC /* ToastUtils.m */,
				FD028BA81CBE33BB009DD2FC /* ZLBigImageCell.h */,
				FD028BA91CBE33BB009DD2FC /* ZLBigImageCell.m */,
				FD10CECF1EA882490041095C /* ZLCollectionCell.h */,
				FD10CECD1EA86AF60041095C /* ZLCollectionCell.m */,
				FD028BAC1CBE33BB009DD2FC /* ZLDefine.h */,
				FD7003DD1FBD2EAB000D9FD4 /* ZLPhotoConfiguration.h */,
				FD7003DE1FBD2EAB000D9FD4 /* ZLPhotoConfiguration.m */,
				FD028BAF1CBE33BB009DD2FC /* ZLPhotoActionSheet.h */,
				FD028BB01CBE33BB009DD2FC /* ZLPhotoActionSheet.m */,
				FD028BB11CBE33BB009DD2FC /* ZLPhotoBrowser.h */,
				FD028BB21CBE33BB009DD2FC /* ZLPhotoBrowser.m */,
				FD028BB31CBE33BB009DD2FC /* ZLPhotoBrowserCell.h */,
				FD028BB41CBE33BB009DD2FC /* ZLPhotoBrowserCell.m */,
				FD22D7201E9E2EDC008FCC4E /* ZLPhotoManager.h */,
				FD22D7211E9E2EDC008FCC4E /* ZLPhotoManager.m */,
				FD22D71D1E9E25D1008FCC4E /* ZLPhotoModel.h */,
				FD22D71E1E9E25D1008FCC4E /* ZLPhotoModel.m */,
				FD028BB71CBE33BB009DD2FC /* ZLProgressHUD.h */,
				FD028BB81CBE33BB009DD2FC /* ZLProgressHUD.m */,
				FD028BAD1CBE33BB009DD2FC /* ZLNoAuthorityViewController.h */,
				FD028BAE1CBE33BB009DD2FC /* ZLNoAuthorityViewController.m */,
				FD028BBB1CBE33BB009DD2FC /* ZLShowBigImgViewController.h */,
				FD028BBC1CBE33BB009DD2FC /* ZLShowBigImgViewController.m */,
				FD028BBD1CBE33BB009DD2FC /* ZLThumbnailViewController.h */,
				FD028BBE1CBE33BB009DD2FC /* ZLThumbnailViewController.m */,
				FDD979E41EF8F35700DD9DA4 /* ZLForceTouchPreviewController.h */,
				FDD979E51EF8F35700DD9DA4 /* ZLForceTouchPreviewController.m */,
				FD7B52711EFCB81600FB9087 /* ZLEditViewController.h */,
				FD7B52721EFCB81600FB9087 /* ZLEditViewController.m */,
				FD1A38BA1F6BCCF8009B4C3F /* ZLEditVideoController.h */,
				FD1A38BB1F6BCCF8009B4C3F /* ZLEditVideoController.m */,
				FDC48B7D1FB5587B002815C8 /* ZLCustomCamera.h */,
				FDC48B7E1FB5587B002815C8 /* ZLCustomCamera.m */,
				FDC48B811FB5588E002815C8 /* ZLPlayer.h */,
				FDC48B801FB5588D002815C8 /* ZLPlayer.m */,
				FD3771171DB8C04B00CAD645 /* NSBundle+ZLPhotoBrowser.h */,
				FD3771181DB8C04B00CAD645 /* NSBundle+ZLPhotoBrowser.m */,
				FD92FA6B1F32B4CE00D7B8C1 /* UIButton+EnlargeTouchArea.h */,
				FD92FA6C1F32B4CE00D7B8C1 /* UIButton+EnlargeTouchArea.m */,
			);
			path = PhotoBrowser;
			sourceTree = "<group>";
		};
		FD028B8F1CBE33BB009DD2FC /* resource */ = {
			isa = PBXGroup;
			children = (
				FD028BFE1CBE4BDE009DD2FC /* ZLPhotoBrowser.bundle */,
				FD028BA11CBE33BB009DD2FC /* ZLPhotoActionSheet.xib */,
				FD028BA21CBE33BB009DD2FC /* ZLPhotoBrowserCell.xib */,
			);
			path = resource;
			sourceTree = "<group>";
		};
		FD0787141C0D45A200D17B97 = {
			isa = PBXGroup;
			children = (
				FD028B8E1CBE33BB009DD2FC /* PhotoBrowser */,
				FD07871F1C0D45A200D17B97 /* ZLPhotoBrowser */,
				FD07877C1C0D47C700D17B97 /* Frameworks */,
				FD07871E1C0D45A200D17B97 /* Products */,
				F92C6AFB9001EFD3C70E0116 /* Pods */,
			);
			sourceTree = "<group>";
		};
		FD07871E1C0D45A200D17B97 /* Products */ = {
			isa = PBXGroup;
			children = (
				FD07871D1C0D45A200D17B97 /* ZLPhotoBrowser.app */,
			);
			name = Products;
			sourceTree = "<group>";
		};
		FD07871F1C0D45A200D17B97 /* ZLPhotoBrowser */ = {
			isa = PBXGroup;
			children = (
				FD0787231C0D45A200D17B97 /* AppDelegate.h */,
				FD0787241C0D45A200D17B97 /* AppDelegate.m */,
				FD0787261C0D45A200D17B97 /* ViewController.h */,
				FD0787271C0D45A200D17B97 /* ViewController.m */,
				FDD979E11EF8C62300DD9DA4 /* ImageCell.h */,
				FDD979E21EF8C62300DD9DA4 /* ImageCell.m */,
				FDDB9EB61E6D2EF6008ED9F1 /* YYWeakProxy.h */,
				FDDB9EB71E6D2EF6008ED9F1 /* YYWeakProxy.m */,
				FDDB9EB81E6D2EF6008ED9F1 /* YYFPSLabel.h */,
				FDDB9EB91E6D2EF6008ED9F1 /* YYFPSLabel.m */,
				FD0787291C0D45A200D17B97 /* Main.storyboard */,
				FD07872C1C0D45A200D17B97 /* Assets.xcassets */,
				FD07872E1C0D45A200D17B97 /* LaunchScreen.storyboard */,
				FD0787311C0D45A200D17B97 /* Info.plist */,
				FD0787201C0D45A200D17B97 /* Supporting Files */,
			);
			path = ZLPhotoBrowser;
			sourceTree = "<group>";
		};
		FD0787201C0D45A200D17B97 /* Supporting Files */ = {
			isa = PBXGroup;
			children = (
				FD0787211C0D45A200D17B97 /* main.m */,
			);
			name = "Supporting Files";
			sourceTree = "<group>";
		};
		FD07877C1C0D47C700D17B97 /* Frameworks */ = {
			isa = PBXGroup;
			children = (
				FD7852501EF4FD5300C69E84 /* PhotosUI.framework */,
				FD07877D1C0D47DA00D17B97 /* Photos.framework */,
				0927EACC681200867658B044 /* libPods-ZLPhotoBrowser.a */,
			);
			name = Frameworks;
			path = ZLPhotoBrowser;
			sourceTree = "<group>";
		};
/* End PBXGroup section */

/* Begin PBXNativeTarget section */
		FD07871C1C0D45A200D17B97 /* ZLPhotoBrowser */ = {
			isa = PBXNativeTarget;
			buildConfigurationList = FD0787341C0D45A200D17B97 /* Build configuration list for PBXNativeTarget "ZLPhotoBrowser" */;
			buildPhases = (
				E65071590C04A06729C48919 /* [CP] Check Pods Manifest.lock */,
				FD0787191C0D45A200D17B97 /* Sources */,
				FD07871A1C0D45A200D17B97 /* Frameworks */,
				FD07871B1C0D45A200D17B97 /* Resources */,
				450EF2829FCF82D38E543A53 /* [CP] Embed Pods Frameworks */,
				4489D3B02D8B17B9B2F78F0A /* [CP] Copy Pods Resources */,
			);
			buildRules = (
			);
			dependencies = (
			);
			name = ZLPhotoBrowser;
			productName = ZLPhotoBrowser;
			productReference = FD07871D1C0D45A200D17B97 /* ZLPhotoBrowser.app */;
			productType = "com.apple.product-type.application";
		};
/* End PBXNativeTarget section */

/* Begin PBXProject section */
		FD0787151C0D45A200D17B97 /* Project object */ = {
			isa = PBXProject;
			attributes = {
				LastUpgradeCheck = 0900;
				ORGANIZATIONNAME = long;
				TargetAttributes = {
					FD07871C1C0D45A200D17B97 = {
						CreatedOnToolsVersion = 7.1;
						DevelopmentTeam = 47UY3G7UH6;
						SystemCapabilities = {
							com.apple.BackgroundModes = {
								enabled = 0;
							};
						};
					};
				};
			};
			buildConfigurationList = FD0787181C0D45A200D17B97 /* Build configuration list for PBXProject "ZLPhotoBrowser" */;
			compatibilityVersion = "Xcode 3.2";
			developmentRegion = English;
			hasScannedForEncodings = 0;
			knownRegions = (
				en,
				Base,
			);
			mainGroup = FD0787141C0D45A200D17B97;
			productRefGroup = FD07871E1C0D45A200D17B97 /* Products */;
			projectDirPath = "";
			projectRoot = "";
			targets = (
				FD07871C1C0D45A200D17B97 /* ZLPhotoBrowser */,
			);
		};
/* End PBXProject section */

/* Begin PBXResourcesBuildPhase section */
		FD07871B1C0D45A200D17B97 /* Resources */ = {
			isa = PBXResourcesBuildPhase;
			buildActionMask = 2147483647;
			files = (
				FD028BFF1CBE4BDE009DD2FC /* ZLPhotoBrowser.bundle in Resources */,
				FD0787301C0D45A200D17B97 /* LaunchScreen.storyboard in Resources */,
				FD028BD01CBE33BB009DD2FC /* ZLPhotoActionSheet.xib in Resources */,
				FD07872D1C0D45A200D17B97 /* Assets.xcassets in Resources */,
				FD07872B1C0D45A200D17B97 /* Main.storyboard in Resources */,
				FD028BD11CBE33BB009DD2FC /* ZLPhotoBrowserCell.xib in Resources */,
			);
			runOnlyForDeploymentPostprocessing = 0;
		};
/* End PBXResourcesBuildPhase section */

/* Begin PBXShellScriptBuildPhase section */
		4489D3B02D8B17B9B2F78F0A /* [CP] Copy Pods Resources */ = {
			isa = PBXShellScriptBuildPhase;
			buildActionMask = 2147483647;
			files = (
			);
			inputPaths = (
			);
			name = "[CP] Copy Pods Resources";
			outputPaths = (
			);
			runOnlyForDeploymentPostprocessing = 0;
			shellPath = /bin/sh;
			shellScript = "\"${SRCROOT}/Pods/Target Support Files/Pods-ZLPhotoBrowser/Pods-ZLPhotoBrowser-resources.sh\"\n";
			showEnvVarsInLog = 0;
		};
		450EF2829FCF82D38E543A53 /* [CP] Embed Pods Frameworks */ = {
			isa = PBXShellScriptBuildPhase;
			buildActionMask = 2147483647;
			files = (
			);
			inputPaths = (
			);
			name = "[CP] Embed Pods Frameworks";
			outputPaths = (
			);
			runOnlyForDeploymentPostprocessing = 0;
			shellPath = /bin/sh;
			shellScript = "\"${SRCROOT}/Pods/Target Support Files/Pods-ZLPhotoBrowser/Pods-ZLPhotoBrowser-frameworks.sh\"\n";
			showEnvVarsInLog = 0;
		};
		E65071590C04A06729C48919 /* [CP] Check Pods Manifest.lock */ = {
			isa = PBXShellScriptBuildPhase;
			buildActionMask = 2147483647;
			files = (
			);
			inputPaths = (
				"${PODS_PODFILE_DIR_PATH}/Podfile.lock",
				"${PODS_ROOT}/Manifest.lock",
			);
			name = "[CP] Check Pods Manifest.lock";
			outputPaths = (
				"$(DERIVED_FILE_DIR)/Pods-ZLPhotoBrowser-checkManifestLockResult.txt",
			);
			runOnlyForDeploymentPostprocessing = 0;
			shellPath = /bin/sh;
			shellScript = "diff \"${PODS_PODFILE_DIR_PATH}/Podfile.lock\" \"${PODS_ROOT}/Manifest.lock\" > /dev/null\nif [ $? != 0 ] ; then\n    # print error to STDERR\n    echo \"error: The sandbox is not in sync with the Podfile.lock. Run 'pod install' or update your CocoaPods installation.\" >&2\n    exit 1\nfi\n# This output is used by Xcode 'outputs' to avoid re-running this script phase.\necho \"SUCCESS\" > \"${SCRIPT_OUTPUT_FILE_0}\"\n";
			showEnvVarsInLog = 0;
		};
/* End PBXShellScriptBuildPhase section */

/* Begin PBXSourcesBuildPhase section */
		FD0787191C0D45A200D17B97 /* Sources */ = {
			isa = PBXSourcesBuildPhase;
			buildActionMask = 2147483647;
			files = (
				FDD979E61EF8F35700DD9DA4 /* ZLForceTouchPreviewController.m in Sources */,
				FD7003DF1FBD2EAB000D9FD4 /* ZLPhotoConfiguration.m in Sources */,
				FD028BD31CBE33BB009DD2FC /* ToastUtils.m in Sources */,
				FD028BD51CBE33BB009DD2FC /* ZLBigImageCell.m in Sources */,
				FD0787281C0D45A200D17B97 /* ViewController.m in Sources */,
				FD7B52731EFCB81600FB9087 /* ZLEditViewController.m in Sources */,
				FD028BD71CBE33BB009DD2FC /* ZLNoAuthorityViewController.m in Sources */,
				FDD979E31EF8C62300DD9DA4 /* ImageCell.m in Sources */,
				FD22D71F1E9E25D1008FCC4E /* ZLPhotoModel.m in Sources */,
				FD3771191DB8C04B00CAD645 /* NSBundle+ZLPhotoBrowser.m in Sources */,
				FDDB9EBB1E6D2EF6008ED9F1 /* YYFPSLabel.m in Sources */,
				FD92FA6D1F32B4CE00D7B8C1 /* UIButton+EnlargeTouchArea.m in Sources */,
				FDC48B821FB5588E002815C8 /* ZLPlayer.m in Sources */,
				FD028BD91CBE33BB009DD2FC /* ZLPhotoBrowser.m in Sources */,
				FD028BDF1CBE33BB009DD2FC /* ZLThumbnailViewController.m in Sources */,
				FD0787251C0D45A200D17B97 /* AppDelegate.m in Sources */,
				FD1A38BC1F6BCCF8009B4C3F /* ZLEditVideoController.m in Sources */,
				FD0787221C0D45A200D17B97 /* main.m in Sources */,
				FD028BDC1CBE33BB009DD2FC /* ZLProgressHUD.m in Sources */,
				FD028BD81CBE33BB009DD2FC /* ZLPhotoActionSheet.m in Sources */,
				FD028BDE1CBE33BB009DD2FC /* ZLShowBigImgViewController.m in Sources */,
				FD22D7221E9E2EDC008FCC4E /* ZLPhotoManager.m in Sources */,
				FDDB9EBA1E6D2EF6008ED9F1 /* YYWeakProxy.m in Sources */,
				FDC48B7F1FB5587C002815C8 /* ZLCustomCamera.m in Sources */,
				FD028BDA1CBE33BB009DD2FC /* ZLPhotoBrowserCell.m in Sources */,
				FD10CECE1EA86AF60041095C /* ZLCollectionCell.m in Sources */,
			);
			runOnlyForDeploymentPostprocessing = 0;
		};
/* End PBXSourcesBuildPhase section */

/* Begin PBXVariantGroup section */
		FD0787291C0D45A200D17B97 /* Main.storyboard */ = {
			isa = PBXVariantGroup;
			children = (
				FD07872A1C0D45A200D17B97 /* Base */,
			);
			name = Main.storyboard;
			sourceTree = "<group>";
		};
		FD07872E1C0D45A200D17B97 /* LaunchScreen.storyboard */ = {
			isa = PBXVariantGroup;
			children = (
				FD07872F1C0D45A200D17B97 /* Base */,
			);
			name = LaunchScreen.storyboard;
			sourceTree = "<group>";
		};
/* End PBXVariantGroup section */

/* Begin XCBuildConfiguration section */
		FD0787321C0D45A200D17B97 /* Debug */ = {
			isa = XCBuildConfiguration;
			buildSettings = {
				ALWAYS_SEARCH_USER_PATHS = NO;
				CLANG_CXX_LANGUAGE_STANDARD = "gnu++0x";
				CLANG_CXX_LIBRARY = "libc++";
				CLANG_ENABLE_MODULES = YES;
				CLANG_ENABLE_OBJC_ARC = YES;
				CLANG_WARN_BLOCK_CAPTURE_AUTORELEASING = YES;
				CLANG_WARN_BOOL_CONVERSION = YES;
				CLANG_WARN_COMMA = YES;
				CLANG_WARN_CONSTANT_CONVERSION = YES;
				CLANG_WARN_DIRECT_OBJC_ISA_USAGE = YES_ERROR;
				CLANG_WARN_EMPTY_BODY = YES;
				CLANG_WARN_ENUM_CONVERSION = YES;
				CLANG_WARN_INFINITE_RECURSION = YES;
				CLANG_WARN_INT_CONVERSION = YES;
				CLANG_WARN_NON_LITERAL_NULL_CONVERSION = YES;
				CLANG_WARN_OBJC_LITERAL_CONVERSION = YES;
				CLANG_WARN_OBJC_ROOT_CLASS = YES_ERROR;
				CLANG_WARN_RANGE_LOOP_ANALYSIS = YES;
				CLANG_WARN_STRICT_PROTOTYPES = YES;
				CLANG_WARN_SUSPICIOUS_MOVE = YES;
				CLANG_WARN_UNREACHABLE_CODE = YES;
				CLANG_WARN__DUPLICATE_METHOD_MATCH = YES;
				"CODE_SIGN_IDENTITY[sdk=iphoneos*]" = "iPhone Developer";
				COPY_PHASE_STRIP = NO;
				DEBUG_INFORMATION_FORMAT = dwarf;
				ENABLE_STRICT_OBJC_MSGSEND = YES;
				ENABLE_TESTABILITY = YES;
				GCC_C_LANGUAGE_STANDARD = gnu99;
				GCC_DYNAMIC_NO_PIC = NO;
				GCC_NO_COMMON_BLOCKS = YES;
				GCC_OPTIMIZATION_LEVEL = 0;
				GCC_PREPROCESSOR_DEFINITIONS = (
					"DEBUG=1",
					"$(inherited)",
				);
				GCC_WARN_64_TO_32_BIT_CONVERSION = YES;
				GCC_WARN_ABOUT_RETURN_TYPE = YES_ERROR;
				GCC_WARN_UNDECLARED_SELECTOR = YES;
				GCC_WARN_UNINITIALIZED_AUTOS = YES_AGGRESSIVE;
				GCC_WARN_UNUSED_FUNCTION = YES;
				GCC_WARN_UNUSED_VARIABLE = YES;
				IPHONEOS_DEPLOYMENT_TARGET = 8.0;
				MTL_ENABLE_DEBUG_INFO = YES;
				ONLY_ACTIVE_ARCH = YES;
				SDKROOT = iphoneos;
			};
			name = Debug;
		};
		FD0787331C0D45A200D17B97 /* Release */ = {
			isa = XCBuildConfiguration;
			buildSettings = {
				ALWAYS_SEARCH_USER_PATHS = NO;
				CLANG_CXX_LANGUAGE_STANDARD = "gnu++0x";
				CLANG_CXX_LIBRARY = "libc++";
				CLANG_ENABLE_MODULES = YES;
				CLANG_ENABLE_OBJC_ARC = YES;
				CLANG_WARN_BLOCK_CAPTURE_AUTORELEASING = YES;
				CLANG_WARN_BOOL_CONVERSION = YES;
				CLANG_WARN_COMMA = YES;
				CLANG_WARN_CONSTANT_CONVERSION = YES;
				CLANG_WARN_DIRECT_OBJC_ISA_USAGE = YES_ERROR;
				CLANG_WARN_EMPTY_BODY = YES;
				CLANG_WARN_ENUM_CONVERSION = YES;
				CLANG_WARN_INFINITE_RECURSION = YES;
				CLANG_WARN_INT_CONVERSION = YES;
				CLANG_WARN_NON_LITERAL_NULL_CONVERSION = YES;
				CLANG_WARN_OBJC_LITERAL_CONVERSION = YES;
				CLANG_WARN_OBJC_ROOT_CLASS = YES_ERROR;
				CLANG_WARN_RANGE_LOOP_ANALYSIS = YES;
				CLANG_WARN_STRICT_PROTOTYPES = YES;
				CLANG_WARN_SUSPICIOUS_MOVE = YES;
				CLANG_WARN_UNREACHABLE_CODE = YES;
				CLANG_WARN__DUPLICATE_METHOD_MATCH = YES;
				"CODE_SIGN_IDENTITY[sdk=iphoneos*]" = "iPhone Developer";
				COPY_PHASE_STRIP = NO;
				DEBUG_INFORMATION_FORMAT = "dwarf-with-dsym";
				ENABLE_NS_ASSERTIONS = NO;
				ENABLE_STRICT_OBJC_MSGSEND = YES;
				GCC_C_LANGUAGE_STANDARD = gnu99;
				GCC_NO_COMMON_BLOCKS = YES;
				GCC_WARN_64_TO_32_BIT_CONVERSION = YES;
				GCC_WARN_ABOUT_RETURN_TYPE = YES_ERROR;
				GCC_WARN_UNDECLARED_SELECTOR = YES;
				GCC_WARN_UNINITIALIZED_AUTOS = YES_AGGRESSIVE;
				GCC_WARN_UNUSED_FUNCTION = YES;
				GCC_WARN_UNUSED_VARIABLE = YES;
				IPHONEOS_DEPLOYMENT_TARGET = 8.0;
				MTL_ENABLE_DEBUG_INFO = NO;
				SDKROOT = iphoneos;
				VALIDATE_PRODUCT = YES;
			};
			name = Release;
		};
		FD0787351C0D45A200D17B97 /* Debug */ = {
			isa = XCBuildConfiguration;
			baseConfigurationReference = C219308794659F498CBCB00A /* Pods-ZLPhotoBrowser.debug.xcconfig */;
			buildSettings = {
				ASSETCATALOG_COMPILER_APPICON_NAME = AppIcon;
				DEVELOPMENT_TEAM = 47UY3G7UH6;
				INFOPLIST_FILE = ZLPhotoBrowser/Info.plist;
				IPHONEOS_DEPLOYMENT_TARGET = 8.0;
				LD_RUNPATH_SEARCH_PATHS = "$(inherited) @executable_path/Frameworks";
				PRODUCT_BUNDLE_IDENTIFIER = ZL.ABCD;
				PRODUCT_NAME = "$(TARGET_NAME)";
				TARGETED_DEVICE_FAMILY = 1;
			};
			name = Debug;
		};
		FD0787361C0D45A200D17B97 /* Release */ = {
			isa = XCBuildConfiguration;
			baseConfigurationReference = 562538332CF28C3D81959D16 /* Pods-ZLPhotoBrowser.release.xcconfig */;
			buildSettings = {
				ASSETCATALOG_COMPILER_APPICON_NAME = AppIcon;
				DEVELOPMENT_TEAM = 47UY3G7UH6;
				INFOPLIST_FILE = ZLPhotoBrowser/Info.plist;
				IPHONEOS_DEPLOYMENT_TARGET = 8.0;
				LD_RUNPATH_SEARCH_PATHS = "$(inherited) @executable_path/Frameworks";
				PRODUCT_BUNDLE_IDENTIFIER = ZL.ABCD;
				PRODUCT_NAME = "$(TARGET_NAME)";
				TARGETED_DEVICE_FAMILY = 1;
			};
			name = Release;
		};
/* End XCBuildConfiguration section */

/* Begin XCConfigurationList section */
		FD0787181C0D45A200D17B97 /* Build configuration list for PBXProject "ZLPhotoBrowser" */ = {
			isa = XCConfigurationList;
			buildConfigurations = (
				FD0787321C0D45A200D17B97 /* Debug */,
				FD0787331C0D45A200D17B97 /* Release */,
			);
			defaultConfigurationIsVisible = 0;
			defaultConfigurationName = Release;
		};
		FD0787341C0D45A200D17B97 /* Build configuration list for PBXNativeTarget "ZLPhotoBrowser" */ = {
			isa = XCConfigurationList;
			buildConfigurations = (
				FD0787351C0D45A200D17B97 /* Debug */,
				FD0787361C0D45A200D17B97 /* Release */,
			);
			defaultConfigurationIsVisible = 0;
			defaultConfigurationName = Release;
		};
/* End XCConfigurationList section */
	};
	rootObject = FD0787151C0D45A200D17B97 /* Project object */;
}
