// !$*UTF8*$!
{
	archiveVersion = 1;
	classes = {
	};
	objectVersion = 46;
	objects = {

/* Begin PBXBuildFile section */
		FD028BCE1CBE33BB009DD2FC /* ZLCollectionCell.xib in Resources */ = {isa = PBXBuildFile; fileRef = FD028B9F1CBE33BB009DD2FC /* ZLCollectionCell.xib */; };
		FD028BCF1CBE33BB009DD2FC /* ZLNoAuthorityViewController.xib in Resources */ = {isa = PBXBuildFile; fileRef = FD028BA01CBE33BB009DD2FC /* ZLNoAuthorityViewController.xib */; };
		FD028BD01CBE33BB009DD2FC /* ZLPhotoActionSheet.xib in Resources */ = {isa = PBXBuildFile; fileRef = FD028BA11CBE33BB009DD2FC /* ZLPhotoActionSheet.xib */; };
		FD028BD11CBE33BB009DD2FC /* ZLPhotoBrowserCell.xib in Resources */ = {isa = PBXBuildFile; fileRef = FD028BA21CBE33BB009DD2FC /* ZLPhotoBrowserCell.xib */; };
		FD028BD21CBE33BB009DD2FC /* ZLThumbnailViewController.xib in Resources */ = {isa = PBXBuildFile; fileRef = FD028BA31CBE33BB009DD2FC /* ZLThumbnailViewController.xib */; };
		FD028BD31CBE33BB009DD2FC /* ToastUtils.m in Sources */ = {isa = PBXBuildFile; fileRef = FD028BA51CBE33BB009DD2FC /* ToastUtils.m */; };
		FD028BD51CBE33BB009DD2FC /* ZLBigImageCell.m in Sources */ = {isa = PBXBuildFile; fileRef = FD028BA91CBE33BB009DD2FC /* ZLBigImageCell.m */; };
		FD028BD61CBE33BB009DD2FC /* ZLCollectionCell.m in Sources */ = {isa = PBXBuildFile; fileRef = FD028BAB1CBE33BB009DD2FC /* ZLCollectionCell.m */; };
		FD028BD71CBE33BB009DD2FC /* ZLNoAuthorityViewController.m in Sources */ = {isa = PBXBuildFile; fileRef = FD028BAE1CBE33BB009DD2FC /* ZLNoAuthorityViewController.m */; };
		FD028BD81CBE33BB009DD2FC /* ZLPhotoActionSheet.m in Sources */ = {isa = PBXBuildFile; fileRef = FD028BB01CBE33BB009DD2FC /* ZLPhotoActionSheet.m */; };
		FD028BD91CBE33BB009DD2FC /* ZLPhotoBrowser.m in Sources */ = {isa = PBXBuildFile; fileRef = FD028BB21CBE33BB009DD2FC /* ZLPhotoBrowser.m */; };
		FD028BDA1CBE33BB009DD2FC /* ZLPhotoBrowserCell.m in Sources */ = {isa = PBXBuildFile; fileRef = FD028BB41CBE33BB009DD2FC /* ZLPhotoBrowserCell.m */; };
		FD028BDB1CBE33BB009DD2FC /* ZLPhotoTool.m in Sources */ = {isa = PBXBuildFile; fileRef = FD028BB61CBE33BB009DD2FC /* ZLPhotoTool.m */; };
		FD028BDC1CBE33BB009DD2FC /* ZLProgressHUD.m in Sources */ = {isa = PBXBuildFile; fileRef = FD028BB81CBE33BB009DD2FC /* ZLProgressHUD.m */; };
		FD028BDD1CBE33BB009DD2FC /* ZLSelectPhotoModel.m in Sources */ = {isa = PBXBuildFile; fileRef = FD028BBA1CBE33BB009DD2FC /* ZLSelectPhotoModel.m */; };
		FD028BDE1CBE33BB009DD2FC /* ZLShowBigImgViewController.m in Sources */ = {isa = PBXBuildFile; fileRef = FD028BBC1CBE33BB009DD2FC /* ZLShowBigImgViewController.m */; };
		FD028BDF1CBE33BB009DD2FC /* ZLThumbnailViewController.m in Sources */ = {isa = PBXBuildFile; fileRef = FD028BBE1CBE33BB009DD2FC /* ZLThumbnailViewController.m */; };
		FD028BF01CBE373F009DD2FC /* btn_circle@2x.png in Resources */ = {isa = PBXBuildFile; fileRef = FD028BE21CBE373F009DD2FC /* btn_circle@2x.png */; };
		FD028BF11CBE373F009DD2FC /* btn_circle@3x.png in Resources */ = {isa = PBXBuildFile; fileRef = FD028BE31CBE373F009DD2FC /* btn_circle@3x.png */; };
		FD028BF21CBE373F009DD2FC /* btn_original_circle.png in Resources */ = {isa = PBXBuildFile; fileRef = FD028BE41CBE373F009DD2FC /* btn_original_circle.png */; };
		FD028BF31CBE373F009DD2FC /* btn_original_circle@2x.png in Resources */ = {isa = PBXBuildFile; fileRef = FD028BE51CBE373F009DD2FC /* btn_original_circle@2x.png */; };
		FD028BF41CBE373F009DD2FC /* btn_original_circle@3x.png in Resources */ = {isa = PBXBuildFile; fileRef = FD028BE61CBE373F009DD2FC /* btn_original_circle@3x.png */; };
		FD028BF51CBE373F009DD2FC /* btn_selected.png in Resources */ = {isa = PBXBuildFile; fileRef = FD028BE71CBE373F009DD2FC /* btn_selected.png */; };
		FD028BF61CBE373F009DD2FC /* btn_selected@2x.png in Resources */ = {isa = PBXBuildFile; fileRef = FD028BE81CBE373F009DD2FC /* btn_selected@2x.png */; };
		FD028BF71CBE373F009DD2FC /* btn_selected@3x.png in Resources */ = {isa = PBXBuildFile; fileRef = FD028BE91CBE373F009DD2FC /* btn_selected@3x.png */; };
		FD028BF81CBE373F009DD2FC /* btn_unselected.png in Resources */ = {isa = PBXBuildFile; fileRef = FD028BEA1CBE373F009DD2FC /* btn_unselected.png */; };
		FD028BF91CBE373F009DD2FC /* btn_unselected@2x.png in Resources */ = {isa = PBXBuildFile; fileRef = FD028BEB1CBE373F009DD2FC /* btn_unselected@2x.png */; };
		FD028BFA1CBE373F009DD2FC /* btn_unselected@3x.png in Resources */ = {isa = PBXBuildFile; fileRef = FD028BEC1CBE373F009DD2FC /* btn_unselected@3x.png */; };
		FD028BFB1CBE373F009DD2FC /* defaultphoto.png in Resources */ = {isa = PBXBuildFile; fileRef = FD028BED1CBE373F009DD2FC /* defaultphoto.png */; };
		FD028BFC1CBE373F009DD2FC /* lock.png in Resources */ = {isa = PBXBuildFile; fileRef = FD028BEE1CBE373F009DD2FC /* lock.png */; };
		FD028BFD1CBE373F009DD2FC /* navBackBtn@2x.png in Resources */ = {isa = PBXBuildFile; fileRef = FD028BEF1CBE373F009DD2FC /* navBackBtn@2x.png */; };
		FD028BFF1CBE4BDE009DD2FC /* ZLPhotoBrowser.bundle in Resources */ = {isa = PBXBuildFile; fileRef = FD028BFE1CBE4BDE009DD2FC /* ZLPhotoBrowser.bundle */; };
		FD0787221C0D45A200D17B97 /* main.m in Sources */ = {isa = PBXBuildFile; fileRef = FD0787211C0D45A200D17B97 /* main.m */; };
		FD0787251C0D45A200D17B97 /* AppDelegate.m in Sources */ = {isa = PBXBuildFile; fileRef = FD0787241C0D45A200D17B97 /* AppDelegate.m */; };
		FD0787281C0D45A200D17B97 /* ViewController.m in Sources */ = {isa = PBXBuildFile; fileRef = FD0787271C0D45A200D17B97 /* ViewController.m */; };
		FD07872B1C0D45A200D17B97 /* Main.storyboard in Resources */ = {isa = PBXBuildFile; fileRef = FD0787291C0D45A200D17B97 /* Main.storyboard */; };
		FD07872D1C0D45A200D17B97 /* Assets.xcassets in Resources */ = {isa = PBXBuildFile; fileRef = FD07872C1C0D45A200D17B97 /* Assets.xcassets */; };
		FD0787301C0D45A200D17B97 /* LaunchScreen.storyboard in Resources */ = {isa = PBXBuildFile; fileRef = FD07872E1C0D45A200D17B97 /* LaunchScreen.storyboard */; };
		FD07877E1C0D47DA00D17B97 /* Photos.framework in Frameworks */ = {isa = PBXBuildFile; fileRef = FD07877D1C0D47DA00D17B97 /* Photos.framework */; };
		FD30F0691C72EECC0060F19F /* ZLShowBigImage.m in Sources */ = {isa = PBXBuildFile; fileRef = FD30F0681C72EECC0060F19F /* ZLShowBigImage.m */; };
		FD3771191DB8C04B00CAD645 /* NSBundle+ZLPhotoBrowser.m in Sources */ = {isa = PBXBuildFile; fileRef = FD3771181DB8C04B00CAD645 /* NSBundle+ZLPhotoBrowser.m */; };
		FD999E031E4AF082008A7B31 /* UITableView+Placeholder.m in Sources */ = {isa = PBXBuildFile; fileRef = FD999E021E4AF082008A7B31 /* UITableView+Placeholder.m */; };
/* End PBXBuildFile section */

/* Begin PBXFileReference section */
		FD028B9F1CBE33BB009DD2FC /* ZLCollectionCell.xib */ = {isa = PBXFileReference; fileEncoding = 4; lastKnownFileType = file.xib; path = ZLCollectionCell.xib; sourceTree = "<group>"; };
		FD028BA01CBE33BB009DD2FC /* ZLNoAuthorityViewController.xib */ = {isa = PBXFileReference; fileEncoding = 4; lastKnownFileType = file.xib; path = ZLNoAuthorityViewController.xib; sourceTree = "<group>"; };
		FD028BA11CBE33BB009DD2FC /* ZLPhotoActionSheet.xib */ = {isa = PBXFileReference; fileEncoding = 4; lastKnownFileType = file.xib; path = ZLPhotoActionSheet.xib; sourceTree = "<group>"; };
		FD028BA21CBE33BB009DD2FC /* ZLPhotoBrowserCell.xib */ = {isa = PBXFileReference; fileEncoding = 4; lastKnownFileType = file.xib; path = ZLPhotoBrowserCell.xib; sourceTree = "<group>"; };
		FD028BA31CBE33BB009DD2FC /* ZLThumbnailViewController.xib */ = {isa = PBXFileReference; fileEncoding = 4; lastKnownFileType = file.xib; path = ZLThumbnailViewController.xib; sourceTree = "<group>"; };
		FD028BA41CBE33BB009DD2FC /* ToastUtils.h */ = {isa = PBXFileReference; fileEncoding = 4; lastKnownFileType = sourcecode.c.h; path = ToastUtils.h; sourceTree = "<group>"; };
		FD028BA51CBE33BB009DD2FC /* ToastUtils.m */ = {isa = PBXFileReference; fileEncoding = 4; lastKnownFileType = sourcecode.c.objc; path = ToastUtils.m; sourceTree = "<group>"; };
		FD028BA81CBE33BB009DD2FC /* ZLBigImageCell.h */ = {isa = PBXFileReference; fileEncoding = 4; lastKnownFileType = sourcecode.c.h; path = ZLBigImageCell.h; sourceTree = "<group>"; };
		FD028BA91CBE33BB009DD2FC /* ZLBigImageCell.m */ = {isa = PBXFileReference; fileEncoding = 4; lastKnownFileType = sourcecode.c.objc; path = ZLBigImageCell.m; sourceTree = "<group>"; };
		FD028BAA1CBE33BB009DD2FC /* ZLCollectionCell.h */ = {isa = PBXFileReference; fileEncoding = 4; lastKnownFileType = sourcecode.c.h; path = ZLCollectionCell.h; sourceTree = "<group>"; };
		FD028BAB1CBE33BB009DD2FC /* ZLCollectionCell.m */ = {isa = PBXFileReference; fileEncoding = 4; lastKnownFileType = sourcecode.c.objc; path = ZLCollectionCell.m; sourceTree = "<group>"; };
		FD028BAC1CBE33BB009DD2FC /* ZLDefine.h */ = {isa = PBXFileReference; fileEncoding = 4; lastKnownFileType = sourcecode.c.h; path = ZLDefine.h; sourceTree = "<group>"; };
		FD028BAD1CBE33BB009DD2FC /* ZLNoAuthorityViewController.h */ = {isa = PBXFileReference; fileEncoding = 4; lastKnownFileType = sourcecode.c.h; path = ZLNoAuthorityViewController.h; sourceTree = "<group>"; };
		FD028BAE1CBE33BB009DD2FC /* ZLNoAuthorityViewController.m */ = {isa = PBXFileReference; fileEncoding = 4; lastKnownFileType = sourcecode.c.objc; path = ZLNoAuthorityViewController.m; sourceTree = "<group>"; };
		FD028BAF1CBE33BB009DD2FC /* ZLPhotoActionSheet.h */ = {isa = PBXFileReference; fileEncoding = 4; lastKnownFileType = sourcecode.c.h; path = ZLPhotoActionSheet.h; sourceTree = "<group>"; };
		FD028BB01CBE33BB009DD2FC /* ZLPhotoActionSheet.m */ = {isa = PBXFileReference; fileEncoding = 4; lastKnownFileType = sourcecode.c.objc; path = ZLPhotoActionSheet.m; sourceTree = "<group>"; };
		FD028BB11CBE33BB009DD2FC /* ZLPhotoBrowser.h */ = {isa = PBXFileReference; fileEncoding = 4; lastKnownFileType = sourcecode.c.h; path = ZLPhotoBrowser.h; sourceTree = "<group>"; };
		FD028BB21CBE33BB009DD2FC /* ZLPhotoBrowser.m */ = {isa = PBXFileReference; fileEncoding = 4; lastKnownFileType = sourcecode.c.objc; path = ZLPhotoBrowser.m; sourceTree = "<group>"; };
		FD028BB31CBE33BB009DD2FC /* ZLPhotoBrowserCell.h */ = {isa = PBXFileReference; fileEncoding = 4; lastKnownFileType = sourcecode.c.h; path = ZLPhotoBrowserCell.h; sourceTree = "<group>"; };
		FD028BB41CBE33BB009DD2FC /* ZLPhotoBrowserCell.m */ = {isa = PBXFileReference; fileEncoding = 4; lastKnownFileType = sourcecode.c.objc; path = ZLPhotoBrowserCell.m; sourceTree = "<group>"; };
		FD028BB51CBE33BB009DD2FC /* ZLPhotoTool.h */ = {isa = PBXFileReference; fileEncoding = 4; lastKnownFileType = sourcecode.c.h; path = ZLPhotoTool.h; sourceTree = "<group>"; };
		FD028BB61CBE33BB009DD2FC /* ZLPhotoTool.m */ = {isa = PBXFileReference; fileEncoding = 4; lastKnownFileType = sourcecode.c.objc; path = ZLPhotoTool.m; sourceTree = "<group>"; };
		FD028BB71CBE33BB009DD2FC /* ZLProgressHUD.h */ = {isa = PBXFileReference; fileEncoding = 4; lastKnownFileType = sourcecode.c.h; path = ZLProgressHUD.h; sourceTree = "<group>"; };
		FD028BB81CBE33BB009DD2FC /* ZLProgressHUD.m */ = {isa = PBXFileReference; fileEncoding = 4; lastKnownFileType = sourcecode.c.objc; path = ZLProgressHUD.m; sourceTree = "<group>"; };
		FD028BB91CBE33BB009DD2FC /* ZLSelectPhotoModel.h */ = {isa = PBXFileReference; fileEncoding = 4; lastKnownFileType = sourcecode.c.h; path = ZLSelectPhotoModel.h; sourceTree = "<group>"; };
		FD028BBA1CBE33BB009DD2FC /* ZLSelectPhotoModel.m */ = {isa = PBXFileReference; fileEncoding = 4; lastKnownFileType = sourcecode.c.objc; path = ZLSelectPhotoModel.m; sourceTree = "<group>"; };
		FD028BBB1CBE33BB009DD2FC /* ZLShowBigImgViewController.h */ = {isa = PBXFileReference; fileEncoding = 4; lastKnownFileType = sourcecode.c.h; path = ZLShowBigImgViewController.h; sourceTree = "<group>"; };
		FD028BBC1CBE33BB009DD2FC /* ZLShowBigImgViewController.m */ = {isa = PBXFileReference; fileEncoding = 4; lastKnownFileType = sourcecode.c.objc; path = ZLShowBigImgViewController.m; sourceTree = "<group>"; };
		FD028BBD1CBE33BB009DD2FC /* ZLThumbnailViewController.h */ = {isa = PBXFileReference; fileEncoding = 4; lastKnownFileType = sourcecode.c.h; path = ZLThumbnailViewController.h; sourceTree = "<group>"; };
		FD028BBE1CBE33BB009DD2FC /* ZLThumbnailViewController.m */ = {isa = PBXFileReference; fileEncoding = 4; lastKnownFileType = sourcecode.c.objc; path = ZLThumbnailViewController.m; sourceTree = "<group>"; };
		FD028BE21CBE373F009DD2FC /* btn_circle@2x.png */ = {isa = PBXFileReference; lastKnownFileType = image.png; path = "btn_circle@2x.png"; sourceTree = "<group>"; };
		FD028BE31CBE373F009DD2FC /* btn_circle@3x.png */ = {isa = PBXFileReference; lastKnownFileType = image.png; path = "btn_circle@3x.png"; sourceTree = "<group>"; };
		FD028BE41CBE373F009DD2FC /* btn_original_circle.png */ = {isa = PBXFileReference; lastKnownFileType = image.png; path = btn_original_circle.png; sourceTree = "<group>"; };
		FD028BE51CBE373F009DD2FC /* btn_original_circle@2x.png */ = {isa = PBXFileReference; lastKnownFileType = image.png; path = "btn_original_circle@2x.png"; sourceTree = "<group>"; };
		FD028BE61CBE373F009DD2FC /* btn_original_circle@3x.png */ = {isa = PBXFileReference; lastKnownFileType = image.png; path = "btn_original_circle@3x.png"; sourceTree = "<group>"; };
		FD028BE71CBE373F009DD2FC /* btn_selected.png */ = {isa = PBXFileReference; lastKnownFileType = image.png; path = btn_selected.png; sourceTree = "<group>"; };
		FD028BE81CBE373F009DD2FC /* btn_selected@2x.png */ = {isa = PBXFileReference; lastKnownFileType = image.png; path = "btn_selected@2x.png"; sourceTree = "<group>"; };
		FD028BE91CBE373F009DD2FC /* btn_selected@3x.png */ = {isa = PBXFileReference; lastKnownFileType = image.png; path = "btn_selected@3x.png"; sourceTree = "<group>"; };
		FD028BEA1CBE373F009DD2FC /* btn_unselected.png */ = {isa = PBXFileReference; lastKnownFileType = image.png; path = btn_unselected.png; sourceTree = "<group>"; };
		FD028BEB1CBE373F009DD2FC /* btn_unselected@2x.png */ = {isa = PBXFileReference; lastKnownFileType = image.png; path = "btn_unselected@2x.png"; sourceTree = "<group>"; };
		FD028BEC1CBE373F009DD2FC /* btn_unselected@3x.png */ = {isa = PBXFileReference; lastKnownFileType = image.png; path = "btn_unselected@3x.png"; sourceTree = "<group>"; };
		FD028BED1CBE373F009DD2FC /* defaultphoto.png */ = {isa = PBXFileReference; lastKnownFileType = image.png; path = defaultphoto.png; sourceTree = "<group>"; };
		FD028BEE1CBE373F009DD2FC /* lock.png */ = {isa = PBXFileReference; lastKnownFileType = image.png; path = lock.png; sourceTree = "<group>"; };
		FD028BEF1CBE373F009DD2FC /* navBackBtn@2x.png */ = {isa = PBXFileReference; lastKnownFileType = image.png; path = "navBackBtn@2x.png"; sourceTree = "<group>"; };
		FD028BFE1CBE4BDE009DD2FC /* ZLPhotoBrowser.bundle */ = {isa = PBXFileReference; lastKnownFileType = "wrapper.plug-in"; path = ZLPhotoBrowser.bundle; sourceTree = "<group>"; };
		FD07871D1C0D45A200D17B97 /* ZLPhotoBrowser.app */ = {isa = PBXFileReference; explicitFileType = wrapper.application; includeInIndex = 0; path = ZLPhotoBrowser.app; sourceTree = BUILT_PRODUCTS_DIR; };
		FD0787211C0D45A200D17B97 /* main.m */ = {isa = PBXFileReference; lastKnownFileType = sourcecode.c.objc; path = main.m; sourceTree = "<group>"; };
		FD0787231C0D45A200D17B97 /* AppDelegate.h */ = {isa = PBXFileReference; lastKnownFileType = sourcecode.c.h; path = AppDelegate.h; sourceTree = "<group>"; };
		FD0787241C0D45A200D17B97 /* AppDelegate.m */ = {isa = PBXFileReference; lastKnownFileType = sourcecode.c.objc; path = AppDelegate.m; sourceTree = "<group>"; };
		FD0787261C0D45A200D17B97 /* ViewController.h */ = {isa = PBXFileReference; lastKnownFileType = sourcecode.c.h; path = ViewController.h; sourceTree = "<group>"; };
		FD0787271C0D45A200D17B97 /* ViewController.m */ = {isa = PBXFileReference; lastKnownFileType = sourcecode.c.objc; path = ViewController.m; sourceTree = "<group>"; };
		FD07872A1C0D45A200D17B97 /* Base */ = {isa = PBXFileReference; lastKnownFileType = file.storyboard; name = Base; path = Base.lproj/Main.storyboard; sourceTree = "<group>"; };
		FD07872C1C0D45A200D17B97 /* Assets.xcassets */ = {isa = PBXFileReference; lastKnownFileType = folder.assetcatalog; path = Assets.xcassets; sourceTree = "<group>"; };
		FD07872F1C0D45A200D17B97 /* Base */ = {isa = PBXFileReference; lastKnownFileType = file.storyboard; name = Base; path = Base.lproj/LaunchScreen.storyboard; sourceTree = "<group>"; };
		FD0787311C0D45A200D17B97 /* Info.plist */ = {isa = PBXFileReference; lastKnownFileType = text.plist.xml; path = Info.plist; sourceTree = "<group>"; };
		FD07877D1C0D47DA00D17B97 /* Photos.framework */ = {isa = PBXFileReference; lastKnownFileType = wrapper.framework; name = Photos.framework; path = System/Library/Frameworks/Photos.framework; sourceTree = SDKROOT; };
		FD30F0671C72EECC0060F19F /* ZLShowBigImage.h */ = {isa = PBXFileReference; fileEncoding = 4; lastKnownFileType = sourcecode.c.h; path = ZLShowBigImage.h; sourceTree = "<group>"; };
		FD30F0681C72EECC0060F19F /* ZLShowBigImage.m */ = {isa = PBXFileReference; fileEncoding = 4; lastKnownFileType = sourcecode.c.objc; path = ZLShowBigImage.m; sourceTree = "<group>"; };
		FD3771171DB8C04B00CAD645 /* NSBundle+ZLPhotoBrowser.h */ = {isa = PBXFileReference; fileEncoding = 4; lastKnownFileType = sourcecode.c.h; path = "NSBundle+ZLPhotoBrowser.h"; sourceTree = "<group>"; };
		FD3771181DB8C04B00CAD645 /* NSBundle+ZLPhotoBrowser.m */ = {isa = PBXFileReference; fileEncoding = 4; lastKnownFileType = sourcecode.c.objc; path = "NSBundle+ZLPhotoBrowser.m"; sourceTree = "<group>"; };
		FD999E011E4AF082008A7B31 /* UITableView+Placeholder.h */ = {isa = PBXFileReference; fileEncoding = 4; lastKnownFileType = sourcecode.c.h; path = "UITableView+Placeholder.h"; sourceTree = "<group>"; };
		FD999E021E4AF082008A7B31 /* UITableView+Placeholder.m */ = {isa = PBXFileReference; fileEncoding = 4; lastKnownFileType = sourcecode.c.objc; path = "UITableView+Placeholder.m"; sourceTree = "<group>"; };
/* End PBXFileReference section */

/* Begin PBXFrameworksBuildPhase section */
		FD07871A1C0D45A200D17B97 /* Frameworks */ = {
			isa = PBXFrameworksBuildPhase;
			buildActionMask = 2147483647;
			files = (
				FD07877E1C0D47DA00D17B97 /* Photos.framework in Frameworks */,
			);
			runOnlyForDeploymentPostprocessing = 0;
		};
/* End PBXFrameworksBuildPhase section */

/* Begin PBXGroup section */
		FD028B8E1CBE33BB009DD2FC /* PhotoBrowser */ = {
			isa = PBXGroup;
			children = (
				FD028B8F1CBE33BB009DD2FC /* resource */,
				FD028BA41CBE33BB009DD2FC /* ToastUtils.h */,
				FD028BA51CBE33BB009DD2FC /* ToastUtils.m */,
				FD028BA81CBE33BB009DD2FC /* ZLBigImageCell.h */,
				FD028BA91CBE33BB009DD2FC /* ZLBigImageCell.m */,
				FD028BAA1CBE33BB009DD2FC /* ZLCollectionCell.h */,
				FD028BAB1CBE33BB009DD2FC /* ZLCollectionCell.m */,
				FD028BAC1CBE33BB009DD2FC /* ZLDefine.h */,
				FD028BAD1CBE33BB009DD2FC /* ZLNoAuthorityViewController.h */,
				FD028BAE1CBE33BB009DD2FC /* ZLNoAuthorityViewController.m */,
				FD028BAF1CBE33BB009DD2FC /* ZLPhotoActionSheet.h */,
				FD028BB01CBE33BB009DD2FC /* ZLPhotoActionSheet.m */,
				FD028BB11CBE33BB009DD2FC /* ZLPhotoBrowser.h */,
				FD028BB21CBE33BB009DD2FC /* ZLPhotoBrowser.m */,
				FD028BB31CBE33BB009DD2FC /* ZLPhotoBrowserCell.h */,
				FD028BB41CBE33BB009DD2FC /* ZLPhotoBrowserCell.m */,
				FD028BB51CBE33BB009DD2FC /* ZLPhotoTool.h */,
				FD028BB61CBE33BB009DD2FC /* ZLPhotoTool.m */,
				FD028BB71CBE33BB009DD2FC /* ZLProgressHUD.h */,
				FD028BB81CBE33BB009DD2FC /* ZLProgressHUD.m */,
				FD028BB91CBE33BB009DD2FC /* ZLSelectPhotoModel.h */,
				FD028BBA1CBE33BB009DD2FC /* ZLSelectPhotoModel.m */,
				FD028BBB1CBE33BB009DD2FC /* ZLShowBigImgViewController.h */,
				FD028BBC1CBE33BB009DD2FC /* ZLShowBigImgViewController.m */,
				FD028BBD1CBE33BB009DD2FC /* ZLThumbnailViewController.h */,
				FD028BBE1CBE33BB009DD2FC /* ZLThumbnailViewController.m */,
				FD3771171DB8C04B00CAD645 /* NSBundle+ZLPhotoBrowser.h */,
				FD3771181DB8C04B00CAD645 /* NSBundle+ZLPhotoBrowser.m */,
				FD999E011E4AF082008A7B31 /* UITableView+Placeholder.h */,
				FD999E021E4AF082008A7B31 /* UITableView+Placeholder.m */,
			);
			path = PhotoBrowser;
			sourceTree = "<group>";
		};
		FD028B8F1CBE33BB009DD2FC /* resource */ = {
			isa = PBXGroup;
			children = (
				FD028BFE1CBE4BDE009DD2FC /* ZLPhotoBrowser.bundle */,
				FD028BE21CBE373F009DD2FC /* btn_circle@2x.png */,
				FD028BE31CBE373F009DD2FC /* btn_circle@3x.png */,
				FD028BE41CBE373F009DD2FC /* btn_original_circle.png */,
				FD028BE51CBE373F009DD2FC /* btn_original_circle@2x.png */,
				FD028BE61CBE373F009DD2FC /* btn_original_circle@3x.png */,
				FD028BE71CBE373F009DD2FC /* btn_selected.png */,
				FD028BE81CBE373F009DD2FC /* btn_selected@2x.png */,
				FD028BE91CBE373F009DD2FC /* btn_selected@3x.png */,
				FD028BEA1CBE373F009DD2FC /* btn_unselected.png */,
				FD028BEB1CBE373F009DD2FC /* btn_unselected@2x.png */,
				FD028BEC1CBE373F009DD2FC /* btn_unselected@3x.png */,
				FD028BED1CBE373F009DD2FC /* defaultphoto.png */,
				FD028BEE1CBE373F009DD2FC /* lock.png */,
				FD028BEF1CBE373F009DD2FC /* navBackBtn@2x.png */,
				FD028B9F1CBE33BB009DD2FC /* ZLCollectionCell.xib */,
				FD028BA01CBE33BB009DD2FC /* ZLNoAuthorityViewController.xib */,
				FD028BA11CBE33BB009DD2FC /* ZLPhotoActionSheet.xib */,
				FD028BA21CBE33BB009DD2FC /* ZLPhotoBrowserCell.xib */,
				FD028BA31CBE33BB009DD2FC /* ZLThumbnailViewController.xib */,
			);
			path = resource;
			sourceTree = "<group>";
		};
		FD0787141C0D45A200D17B97 = {
			isa = PBXGroup;
			children = (
				FD028B8E1CBE33BB009DD2FC /* PhotoBrowser */,
				FD07871F1C0D45A200D17B97 /* ZLPhotoBrowser */,
				FD07877C1C0D47C700D17B97 /* Frameworks */,
				FD07871E1C0D45A200D17B97 /* Products */,
			);
			sourceTree = "<group>";
		};
		FD07871E1C0D45A200D17B97 /* Products */ = {
			isa = PBXGroup;
			children = (
				FD07871D1C0D45A200D17B97 /* ZLPhotoBrowser.app */,
			);
			name = Products;
			sourceTree = "<group>";
		};
		FD07871F1C0D45A200D17B97 /* ZLPhotoBrowser */ = {
			isa = PBXGroup;
			children = (
				FD0787231C0D45A200D17B97 /* AppDelegate.h */,
				FD0787241C0D45A200D17B97 /* AppDelegate.m */,
				FD0787261C0D45A200D17B97 /* ViewController.h */,
				FD0787271C0D45A200D17B97 /* ViewController.m */,
				FD30F0671C72EECC0060F19F /* ZLShowBigImage.h */,
				FD30F0681C72EECC0060F19F /* ZLShowBigImage.m */,
				FD0787291C0D45A200D17B97 /* Main.storyboard */,
				FD07872C1C0D45A200D17B97 /* Assets.xcassets */,
				FD07872E1C0D45A200D17B97 /* LaunchScreen.storyboard */,
				FD0787311C0D45A200D17B97 /* Info.plist */,
				FD0787201C0D45A200D17B97 /* Supporting Files */,
			);
			path = ZLPhotoBrowser;
			sourceTree = "<group>";
		};
		FD0787201C0D45A200D17B97 /* Supporting Files */ = {
			isa = PBXGroup;
			children = (
				FD0787211C0D45A200D17B97 /* main.m */,
			);
			name = "Supporting Files";
			sourceTree = "<group>";
		};
		FD07877C1C0D47C700D17B97 /* Frameworks */ = {
			isa = PBXGroup;
			children = (
				FD07877D1C0D47DA00D17B97 /* Photos.framework */,
			);
			name = Frameworks;
			path = ZLPhotoBrowser;
			sourceTree = "<group>";
		};
/* End PBXGroup section */

/* Begin PBXNativeTarget section */
		FD07871C1C0D45A200D17B97 /* ZLPhotoBrowser */ = {
			isa = PBXNativeTarget;
			buildConfigurationList = FD0787341C0D45A200D17B97 /* Build configuration list for PBXNativeTarget "ZLPhotoBrowser" */;
			buildPhases = (
				FD0787191C0D45A200D17B97 /* Sources */,
				FD07871A1C0D45A200D17B97 /* Frameworks */,
				FD07871B1C0D45A200D17B97 /* Resources */,
			);
			buildRules = (
			);
			dependencies = (
			);
			name = ZLPhotoBrowser;
			productName = ZLPhotoBrowser;
			productReference = FD07871D1C0D45A200D17B97 /* ZLPhotoBrowser.app */;
			productType = "com.apple.product-type.application";
		};
/* End PBXNativeTarget section */

/* Begin PBXProject section */
		FD0787151C0D45A200D17B97 /* Project object */ = {
			isa = PBXProject;
			attributes = {
				LastUpgradeCheck = 0800;
				ORGANIZATIONNAME = long;
				TargetAttributes = {
					FD07871C1C0D45A200D17B97 = {
						CreatedOnToolsVersion = 7.1;
						DevelopmentTeam = DK75SE4EKC;
					};
				};
			};
			buildConfigurationList = FD0787181C0D45A200D17B97 /* Build configuration list for PBXProject "ZLPhotoBrowser" */;
			compatibilityVersion = "Xcode 3.2";
			developmentRegion = English;
			hasScannedForEncodings = 0;
			knownRegions = (
				en,
				Base,
			);
			mainGroup = FD0787141C0D45A200D17B97;
			productRefGroup = FD07871E1C0D45A200D17B97 /* Products */;
			projectDirPath = "";
			projectRoot = "";
			targets = (
				FD07871C1C0D45A200D17B97 /* ZLPhotoBrowser */,
			);
		};
/* End PBXProject section */

/* Begin PBXResourcesBuildPhase section */
		FD07871B1C0D45A200D17B97 /* Resources */ = {
			isa = PBXResourcesBuildPhase;
			buildActionMask = 2147483647;
			files = (
				FD028BFD1CBE373F009DD2FC /* navBackBtn@2x.png in Resources */,
				FD028BFF1CBE4BDE009DD2FC /* ZLPhotoBrowser.bundle in Resources */,
				FD0787301C0D45A200D17B97 /* LaunchScreen.storyboard in Resources */,
				FD028BF41CBE373F009DD2FC /* btn_original_circle@3x.png in Resources */,
				FD028BCF1CBE33BB009DD2FC /* ZLNoAuthorityViewController.xib in Resources */,
				FD028BFA1CBE373F009DD2FC /* btn_unselected@3x.png in Resources */,
				FD028BD21CBE33BB009DD2FC /* ZLThumbnailViewController.xib in Resources */,
				FD028BF71CBE373F009DD2FC /* btn_selected@3x.png in Resources */,
				FD028BD01CBE33BB009DD2FC /* ZLPhotoActionSheet.xib in Resources */,
				FD028BFC1CBE373F009DD2FC /* lock.png in Resources */,
				FD028BFB1CBE373F009DD2FC /* defaultphoto.png in Resources */,
				FD028BF81CBE373F009DD2FC /* btn_unselected.png in Resources */,
				FD028BF21CBE373F009DD2FC /* btn_original_circle.png in Resources */,
				FD028BF31CBE373F009DD2FC /* btn_original_circle@2x.png in Resources */,
				FD028BCE1CBE33BB009DD2FC /* ZLCollectionCell.xib in Resources */,
				FD028BF01CBE373F009DD2FC /* btn_circle@2x.png in Resources */,
				FD028BF11CBE373F009DD2FC /* btn_circle@3x.png in Resources */,
				FD07872D1C0D45A200D17B97 /* Assets.xcassets in Resources */,
				FD07872B1C0D45A200D17B97 /* Main.storyboard in Resources */,
				FD028BD11CBE33BB009DD2FC /* ZLPhotoBrowserCell.xib in Resources */,
				FD028BF91CBE373F009DD2FC /* btn_unselected@2x.png in Resources */,
				FD028BF51CBE373F009DD2FC /* btn_selected.png in Resources */,
				FD028BF61CBE373F009DD2FC /* btn_selected@2x.png in Resources */,
			);
			runOnlyForDeploymentPostprocessing = 0;
		};
/* End PBXResourcesBuildPhase section */

/* Begin PBXSourcesBuildPhase section */
		FD0787191C0D45A200D17B97 /* Sources */ = {
			isa = PBXSourcesBuildPhase;
			buildActionMask = 2147483647;
			files = (
				FD028BD31CBE33BB009DD2FC /* ToastUtils.m in Sources */,
				FD028BD51CBE33BB009DD2FC /* ZLBigImageCell.m in Sources */,
				FD0787281C0D45A200D17B97 /* ViewController.m in Sources */,
				FD028BD71CBE33BB009DD2FC /* ZLNoAuthorityViewController.m in Sources */,
				FD3771191DB8C04B00CAD645 /* NSBundle+ZLPhotoBrowser.m in Sources */,
				FD30F0691C72EECC0060F19F /* ZLShowBigImage.m in Sources */,
				FD028BD91CBE33BB009DD2FC /* ZLPhotoBrowser.m in Sources */,
				FD028BDF1CBE33BB009DD2FC /* ZLThumbnailViewController.m in Sources */,
				FD0787251C0D45A200D17B97 /* AppDelegate.m in Sources */,
				FD028BDB1CBE33BB009DD2FC /* ZLPhotoTool.m in Sources */,
				FD0787221C0D45A200D17B97 /* main.m in Sources */,
				FD028BDC1CBE33BB009DD2FC /* ZLProgressHUD.m in Sources */,
				FD028BD81CBE33BB009DD2FC /* ZLPhotoActionSheet.m in Sources */,
				FD028BDE1CBE33BB009DD2FC /* ZLShowBigImgViewController.m in Sources */,
				FD028BD61CBE33BB009DD2FC /* ZLCollectionCell.m in Sources */,
				FD028BDA1CBE33BB009DD2FC /* ZLPhotoBrowserCell.m in Sources */,
				FD028BDD1CBE33BB009DD2FC /* ZLSelectPhotoModel.m in Sources */,
				FD999E031E4AF082008A7B31 /* UITableView+Placeholder.m in Sources */,
			);
			runOnlyForDeploymentPostprocessing = 0;
		};
/* End PBXSourcesBuildPhase section */

/* Begin PBXVariantGroup section */
		FD0787291C0D45A200D17B97 /* Main.storyboard */ = {
			isa = PBXVariantGroup;
			children = (
				FD07872A1C0D45A200D17B97 /* Base */,
			);
			name = Main.storyboard;
			sourceTree = "<group>";
		};
		FD07872E1C0D45A200D17B97 /* LaunchScreen.storyboard */ = {
			isa = PBXVariantGroup;
			children = (
				FD07872F1C0D45A200D17B97 /* Base */,
			);
			name = LaunchScreen.storyboard;
			sourceTree = "<group>";
		};
/* End PBXVariantGroup section */

/* Begin XCBuildConfiguration section */
		FD0787321C0D45A200D17B97 /* Debug */ = {
			isa = XCBuildConfiguration;
			buildSettings = {
				ALWAYS_SEARCH_USER_PATHS = NO;
				CLANG_CXX_LANGUAGE_STANDARD = "gnu++0x";
				CLANG_CXX_LIBRARY = "libc++";
				CLANG_ENABLE_MODULES = YES;
				CLANG_ENABLE_OBJC_ARC = YES;
				CLANG_WARN_BOOL_CONVERSION = YES;
				CLANG_WARN_CONSTANT_CONVERSION = YES;
				CLANG_WARN_DIRECT_OBJC_ISA_USAGE = YES_ERROR;
				CLANG_WARN_EMPTY_BODY = YES;
				CLANG_WARN_ENUM_CONVERSION = YES;
				CLANG_WARN_INFINITE_RECURSION = YES;
				CLANG_WARN_INT_CONVERSION = YES;
				CLANG_WARN_OBJC_ROOT_CLASS = YES_ERROR;
				CLANG_WARN_SUSPICIOUS_MOVE = YES;
				CLANG_WARN_UNREACHABLE_CODE = YES;
				CLANG_WARN__DUPLICATE_METHOD_MATCH = YES;
				"CODE_SIGN_IDENTITY[sdk=iphoneos*]" = "iPhone Developer";
				COPY_PHASE_STRIP = NO;
				DEBUG_INFORMATION_FORMAT = dwarf;
				ENABLE_STRICT_OBJC_MSGSEND = YES;
				ENABLE_TESTABILITY = YES;
				GCC_C_LANGUAGE_STANDARD = gnu99;
				GCC_DYNAMIC_NO_PIC = NO;
				GCC_NO_COMMON_BLOCKS = YES;
				GCC_OPTIMIZATION_LEVEL = 0;
				GCC_PREPROCESSOR_DEFINITIONS = (
					"DEBUG=1",
					"$(inherited)",
				);
				GCC_WARN_64_TO_32_BIT_CONVERSION = YES;
				GCC_WARN_ABOUT_RETURN_TYPE = YES_ERROR;
				GCC_WARN_UNDECLARED_SELECTOR = YES;
				GCC_WARN_UNINITIALIZED_AUTOS = YES_AGGRESSIVE;
				GCC_WARN_UNUSED_FUNCTION = YES;
				GCC_WARN_UNUSED_VARIABLE = YES;
				IPHONEOS_DEPLOYMENT_TARGET = 8.0;
				MTL_ENABLE_DEBUG_INFO = YES;
				ONLY_ACTIVE_ARCH = YES;
				SDKROOT = iphoneos;
			};
			name = Debug;
		};
		FD0787331C0D45A200D17B97 /* Release */ = {
			isa = XCBuildConfiguration;
			buildSettings = {
				ALWAYS_SEARCH_USER_PATHS = NO;
				CLANG_CXX_LANGUAGE_STANDARD = "gnu++0x";
				CLANG_CXX_LIBRARY = "libc++";
				CLANG_ENABLE_MODULES = YES;
				CLANG_ENABLE_OBJC_ARC = YES;
				CLANG_WARN_BOOL_CONVERSION = YES;
				CLANG_WARN_CONSTANT_CONVERSION = YES;
				CLANG_WARN_DIRECT_OBJC_ISA_USAGE = YES_ERROR;
				CLANG_WARN_EMPTY_BODY = YES;
				CLANG_WARN_ENUM_CONVERSION = YES;
				CLANG_WARN_INFINITE_RECURSION = YES;
				CLANG_WARN_INT_CONVERSION = YES;
				CLANG_WARN_OBJC_ROOT_CLASS = YES_ERROR;
				CLANG_WARN_SUSPICIOUS_MOVE = YES;
				CLANG_WARN_UNREACHABLE_CODE = YES;
				CLANG_WARN__DUPLICATE_METHOD_MATCH = YES;
				"CODE_SIGN_IDENTITY[sdk=iphoneos*]" = "iPhone Developer";
				COPY_PHASE_STRIP = NO;
				DEBUG_INFORMATION_FORMAT = "dwarf-with-dsym";
				ENABLE_NS_ASSERTIONS = NO;
				ENABLE_STRICT_OBJC_MSGSEND = YES;
				GCC_C_LANGUAGE_STANDARD = gnu99;
				GCC_NO_COMMON_BLOCKS = YES;
				GCC_WARN_64_TO_32_BIT_CONVERSION = YES;
				GCC_WARN_ABOUT_RETURN_TYPE = YES_ERROR;
				GCC_WARN_UNDECLARED_SELECTOR = YES;
				GCC_WARN_UNINITIALIZED_AUTOS = YES_AGGRESSIVE;
				GCC_WARN_UNUSED_FUNCTION = YES;
				GCC_WARN_UNUSED_VARIABLE = YES;
				IPHONEOS_DEPLOYMENT_TARGET = 8.0;
				MTL_ENABLE_DEBUG_INFO = NO;
				SDKROOT = iphoneos;
				VALIDATE_PRODUCT = YES;
			};
			name = Release;
		};
		FD0787351C0D45A200D17B97 /* Debug */ = {
			isa = XCBuildConfiguration;
			buildSettings = {
				ASSETCATALOG_COMPILER_APPICON_NAME = AppIcon;
				DEVELOPMENT_TEAM = DK75SE4EKC;
				INFOPLIST_FILE = ZLPhotoBrowser/Info.plist;
				IPHONEOS_DEPLOYMENT_TARGET = 8.0;
				LD_RUNPATH_SEARCH_PATHS = "$(inherited) @executable_path/Frameworks";
				PRODUCT_BUNDLE_IDENTIFIER = ZL.ZLPhotoBrowser;
				PRODUCT_NAME = "$(TARGET_NAME)";
				TARGETED_DEVICE_FAMILY = 1;
			};
			name = Debug;
		};
		FD0787361C0D45A200D17B97 /* Release */ = {
			isa = XCBuildConfiguration;
			buildSettings = {
				ASSETCATALOG_COMPILER_APPICON_NAME = AppIcon;
				DEVELOPMENT_TEAM = DK75SE4EKC;
				INFOPLIST_FILE = ZLPhotoBrowser/Info.plist;
				IPHONEOS_DEPLOYMENT_TARGET = 8.0;
				LD_RUNPATH_SEARCH_PATHS = "$(inherited) @executable_path/Frameworks";
				PRODUCT_BUNDLE_IDENTIFIER = ZL.ZLPhotoBrowser;
				PRODUCT_NAME = "$(TARGET_NAME)";
				TARGETED_DEVICE_FAMILY = 1;
			};
			name = Release;
		};
/* End XCBuildConfiguration section */

/* Begin XCConfigurationList section */
		FD0787181C0D45A200D17B97 /* Build configuration list for PBXProject "ZLPhotoBrowser" */ = {
			isa = XCConfigurationList;
			buildConfigurations = (
				FD0787321C0D45A200D17B97 /* Debug */,
				FD0787331C0D45A200D17B97 /* Release */,
			);
			defaultConfigurationIsVisible = 0;
			defaultConfigurationName = Release;
		};
		FD0787341C0D45A200D17B97 /* Build configuration list for PBXNativeTarget "ZLPhotoBrowser" */ = {
			isa = XCConfigurationList;
			buildConfigurations = (
				FD0787351C0D45A200D17B97 /* Debug */,
				FD0787361C0D45A200D17B97 /* Release */,
			);
			defaultConfigurationIsVisible = 0;
			defaultConfigurationName = Release;
		};
/* End XCConfigurationList section */
	};
	rootObject = FD0787151C0D45A200D17B97 /* Project object */;
}
