PODS:
  - FLEX (2.4.0)
  - SDWebImage (4.2.3):
    - SDWebImage/Core (= 4.2.3)
  - SDWebImage/Core (4.2.3)

DEPENDENCIES:
  - FLEX
  - SDWebImage

SPEC REPOS:
  https://github.com/cocoapods/specs.git:
    - FLEX
    - SDWebImage

SPEC CHECKSUMS:
  FLEX: bd1a39e55b56bb413b6f1b34b3c10a0dc44ef079
  SDWebImage: 791bb72962b3492327ddcac4b1880bd1b5458431

PODFILE CHECKSUM: 26d2310774bd7e2d7ef70d332503b98a22db7b0d

COCOAPODS: 1.5.3
